
Microsoft Visual Studio Solution File, Format Version 12.00
# Visual Studio Version 17
VisualStudioVersion = 17.9.34714.143
MinimumVisualStudioVersion = 10.0.40219.1
Project("{FAE04EC0-301F-11D3-BF4B-00C04F79EFBC}") = "WebDongHo", "WebDongHo\WebDongHo.csproj", "{CBCDC36B-047C-46EC-891C-629413539DCF}"
EndProject
Global
	GlobalSection(SolutionConfigurationPlatforms) = preSolution
		Debug|Any CPU = Debug|Any CPU
		Release|Any CPU = Release|Any CPU
	EndGlobalSection
	GlobalSection(ProjectConfigurationPlatforms) = postSolution
		{CBCDC36B-047C-46EC-891C-629413539DCF}.Debug|Any CPU.ActiveCfg = Debug|Any CPU
		{CBCDC36B-047C-46EC-891C-629413539DCF}.Debug|Any CPU.Build.0 = Debug|Any CPU
		{CBCDC36B-047C-46EC-891C-629413539DCF}.Release|Any CPU.ActiveCfg = Release|Any CPU
		{CBCDC36B-047C-46EC-891C-629413539DCF}.Release|Any CPU.Build.0 = Release|Any CPU
	EndGlobalSection
	GlobalSection(SolutionProperties) = preSolution
		HideSolutionNode = FALSE
	EndGlobalSection
	GlobalSection(ExtensibilityGlobals) = postSolution
		SolutionGuid = {4354D855-D8C5-40DC-A231-D7E7CC0C0A91}
	EndGlobalSection
EndGlobal
